
Microsoft Visual Studio Solution File, Format Version 12.00
# Visual Studio 14
VisualStudioVersion = 14.0.22823.1
MinimumVisualStudioVersion = 10.0.40219.1
Project("{CC5FD16D-436D-48AD-A40C-5A424C6E3E79}") = "AzureChess", "AzureChess\AzureChess.ccproj", "{960CCB07-7129-483F-B1ED-D045967FDD7C}"
EndProject
Project("{FAE04EC0-301F-11D3-BF4B-00C04F79EFBC}") = "WorkerRole1", "WorkerRole1\WorkerRole1.csproj", "{E865C27D-57D1-4B0A-A111-34533848BD0B}"
EndProject
Global
	GlobalSection(SolutionConfigurationPlatforms) = preSolution
		Debug|Any CPU = Debug|Any CPU
		Release|Any CPU = Release|Any CPU
	EndGlobalSection
	GlobalSection(ProjectConfigurationPlatforms) = postSolution
		{960CCB07-7129-483F-B1ED-D045967FDD7C}.Debug|Any CPU.ActiveCfg = Debug|Any CPU
		{960CCB07-7129-483F-B1ED-D045967FDD7C}.Debug|Any CPU.Build.0 = Debug|Any CPU
		{960CCB07-7129-483F-B1ED-D045967FDD7C}.Release|Any CPU.ActiveCfg = Release|Any CPU
		{960CCB07-7129-483F-B1ED-D045967FDD7C}.Release|Any CPU.Build.0 = Release|Any CPU
		{E865C27D-57D1-4B0A-A111-34533848BD0B}.Debug|Any CPU.ActiveCfg = Debug|Any CPU
		{E865C27D-57D1-4B0A-A111-34533848BD0B}.Debug|Any CPU.Build.0 = Debug|Any CPU
		{E865C27D-57D1-4B0A-A111-34533848BD0B}.Release|Any CPU.ActiveCfg = Release|Any CPU
		{E865C27D-57D1-4B0A-A111-34533848BD0B}.Release|Any CPU.Build.0 = Release|Any CPU
	EndGlobalSection
	GlobalSection(SolutionProperties) = preSolution
		HideSolutionNode = FALSE
	EndGlobalSection
EndGlobal
